{
  "nodes": {
    "home-manager": {
      "inputs": {
        "nixpkgs": [
          "nixpkgs"
        ]
      },
      "locked": {
        "lastModified": 1741056285,
        "narHash": "sha256-/JKDMVqq8PIqcGonBVKbKq1SooV3kzGmv+cp3rKAgPA=",
        "owner": "nix-community",
        "repo": "home-manager",
        "rev": "70fbbf05a5594b0a72124ab211bff1d502c89e3f",
        "type": "github"
      },
      "original": {
        "owner": "nix-community",
        "ref": "master",
        "repo": "home-manager",
        "type": "github"
      }
    },
    "jovian-nixos": {
      "inputs": {
        "nix-github-actions": "nix-github-actions",
        "nixpkgs": "nixpkgs"
      },
      "locked": {
        "lastModified": 1740892961,
        "narHash": "sha256-RpuRrwn4Iu3ColOUfQJITSB3Pu8p979zELXv1zihWwU=",
        "owner": "Jovian-Experiments",
        "repo": "Jovian-NixOS",
        "rev": "483fc372ebcc522ef0226bf5a211942203edda90",
        "type": "github"
      },
      "original": {
        "owner": "Jovian-Experiments",
        "repo": "Jovian-NixOS",
        "type": "github"
      }
    },
    "nix-github-actions": {
      "inputs": {
        "nixpkgs": [
          "jovian-nixos",
          "nixpkgs"
        ]
      },
      "locked": {
        "lastModified": 1729697500,
        "narHash": "sha256-VFTWrbzDlZyFHHb1AlKRiD/qqCJIripXKiCSFS8fAOY=",
        "owner": "zhaofengli",
        "repo": "nix-github-actions",
        "rev": "e418aeb728b6aa5ca8c5c71974e7159c2df1d8cf",
        "type": "github"
      },
      "original": {
        "owner": "zhaofengli",
        "ref": "matrix-name",
        "repo": "nix-github-actions",
        "type": "github"
      }
    },
    "nixpkgs": {
      "locked": {
        "lastModified": 1739214665,
        "narHash": "sha256-26L8VAu3/1YRxS8MHgBOyOM8xALdo6N0I04PgorE7UM=",
        "owner": "NixOS",
        "repo": "nixpkgs",
        "rev": "64e75cd44acf21c7933d61d7721e812eac1b5a0a",
        "type": "github"
      },
      "original": {
        "owner": "NixOS",
        "ref": "nixos-unstable",
        "repo": "nixpkgs",
        "type": "github"
      }
    },
    "nixpkgs-unstable": {
      "locked": {
        "lastModified": 1741010256,
        "narHash": "sha256-WZNlK/KX7Sni0RyqLSqLPbK8k08Kq7H7RijPJbq9KHM=",
        "owner": "nixos",
        "repo": "nixpkgs",
        "rev": "ba487dbc9d04e0634c64e3b1f0d25839a0a68246",
        "type": "github"
      },
      "original": {
        "owner": "nixos",
        "ref": "nixos-unstable",
        "repo": "nixpkgs",
        "type": "github"
      }
    },
    "root": {
      "inputs": {
        "home-manager": "home-manager",
        "jovian-nixos": "jovian-nixos",
        "nixpkgs": [
          "jovian-nixos",
          "nixpkgs"
        ],
        "nixpkgs-unstable": "nixpkgs-unstable"
      }
    }
  },
  "root": "root",
  "version": 7
}
